
Microsoft Visual Studio Solution File, Format Version 12.00
# Visual Studio Version 17
VisualStudioVersion = 17.3.32505.426
MinimumVisualStudioVersion = 10.0.40219.1
Project("{9A19103F-16F7-4668-BE54-9A1E7A4F7556}") = "PackageUpdater.Paket.Tests", "test\PackageUpdater.Paket.Tests\PackageUpdater.Paket.Tests.csproj", "{9A00E9B7-1961-46B6-8021-77119762D53D}"
EndProject
Project("{2150E333-8FDC-42A3-9474-1A3956D46DE8}") = "src", "src", "{20D87E64-0973-4F0C-B6A4-AD0798D65313}"
EndProject
Project("{2150E333-8FDC-42A3-9474-1A3956D46DE8}") = "test", "test", "{F0C7DEC0-6590-4CF1-AE66-0C3C0073AFBC}"
EndProject
Project("{2150E333-8FDC-42A3-9474-1A3956D46DE8}") = "samples", "samples", "{6B99D240-4AAF-4CE1-B903-1ABD8882CD28}"
EndProject
Project("{9A19103F-16F7-4668-BE54-9A1E7A4F7556}") = "SampleConsoleApp", "samples\SampleConsoleApp\SampleConsoleApp.csproj", "{535C4A25-B1ED-4B44-BBBA-80D443EE25E3}"
EndProject
Project("{9A19103F-16F7-4668-BE54-9A1E7A4F7556}") = "PackageUpdater.Abstractions", "src\PackageUpdater.Abstractions\PackageUpdater.Abstractions.csproj", "{ADC147AD-0B9A-4C99-86AB-E92FEAD42CBB}"
EndProject
Project("{2150E333-8FDC-42A3-9474-1A3956D46DE8}") = "Solution Items", "Solution Items", "{85E5571E-B9B3-4654-9F0D-6DA1EB865AE9}"
	ProjectSection(SolutionItems) = preProject
		.editorconfig = .editorconfig
		.gitignore = .gitignore
		appveyor.yml = appveyor.yml
		Directory.Build.props = Directory.Build.props
		global.json = global.json
		LICENSE = LICENSE
		README.md = README.md
	EndProjectSection
EndProject
Project("{9A19103F-16F7-4668-BE54-9A1E7A4F7556}") = "PackageUpdater.Abstractions.Tests", "test\PackageUpdater.Abstractions.Tests\PackageUpdater.Abstractions.Tests.csproj", "{C6AA6036-000C-4E49-ADC5-DC3F4A545BFD}"
EndProject
Project("{9A19103F-16F7-4668-BE54-9A1E7A4F7556}") = "PackageTool", "src\PackageTool\PackageTool.csproj", "{14CDEEBC-823D-43A5-B03C-322487D1BD9D}"
EndProject
Project("{9A19103F-16F7-4668-BE54-9A1E7A4F7556}") = "PackageUpdater.GitHub", "src\PackageUpdater.GitHub\PackageUpdater.GitHub.csproj", "{0070BF87-BF45-4409-B20E-028789D56A18}"
EndProject
Project("{9A19103F-16F7-4668-BE54-9A1E7A4F7556}") = "PackageUpdater.GitHub.Tests", "test\PackageUpdater.GitHub.Tests\PackageUpdater.GitHub.Tests.csproj", "{C87D08C0-E948-4F69-B771-72DEAA5633D3}"
EndProject
Project("{9A19103F-16F7-4668-BE54-9A1E7A4F7556}") = "PackageUpdater.Commands.ForEach", "src\PackageUpdater.Commands.ForEach\PackageUpdater.Commands.ForEach.csproj", "{2C58C289-7F43-4FB4-BADF-8F1131659FD7}"
EndProject
Project("{9A19103F-16F7-4668-BE54-9A1E7A4F7556}") = "PackageUpdater.Commands.UpdatePackage", "src\PackageUpdater.Commands.UpdatePackage\PackageUpdater.Commands.UpdatePackage.csproj", "{40260E77-E4D6-408C-B4B6-70D08C708056}"
EndProject
Project("{9A19103F-16F7-4668-BE54-9A1E7A4F7556}") = "PackageUpdater.Commands.DependencyGraph", "src\PackageUpdater.Commands.DependencyGraph\PackageUpdater.Commands.DependencyGraph.csproj", "{715B78F1-27C8-4066-B5F7-91DA7CAF3F42}"
EndProject
Project("{9A19103F-16F7-4668-BE54-9A1E7A4F7556}") = "PackageUpdater.Commands.FindRepositories", "src\PackageUpdater.Commands.FindRepositories\PackageUpdater.Commands.FindRepositories.csproj", "{26560A47-E10A-4F59-9C3F-8F7684027958}"
EndProject
Project("{9A19103F-16F7-4668-BE54-9A1E7A4F7556}") = "PackageUpdater.Commands.FindRepositories.Tests", "test\PackageUpdater.Commands.FindRepositories.Tests\PackageUpdater.Commands.FindRepositories.Tests.csproj", "{D5271AC4-0BA2-47CB-B356-4EFF14BEA6DB}"
EndProject
Project("{9A19103F-16F7-4668-BE54-9A1E7A4F7556}") = "PackageUpdater.Commands.UpdatePackage.Tests", "test\PackageUpdater.Commands.UpdatePackage.Tests\PackageUpdater.Commands.UpdatePackage.Tests.csproj", "{A7B9F5FC-47D8-4F3C-8C36-163A0241C47F}"
EndProject
Global
	GlobalSection(SolutionConfigurationPlatforms) = preSolution
		Debug|Any CPU = Debug|Any CPU
		Release|Any CPU = Release|Any CPU
	EndGlobalSection
	GlobalSection(ProjectConfigurationPlatforms) = postSolution
		{9A00E9B7-1961-46B6-8021-77119762D53D}.Debug|Any CPU.ActiveCfg = Debug|Any CPU
		{9A00E9B7-1961-46B6-8021-77119762D53D}.Debug|Any CPU.Build.0 = Debug|Any CPU
		{9A00E9B7-1961-46B6-8021-77119762D53D}.Release|Any CPU.ActiveCfg = Release|Any CPU
		{9A00E9B7-1961-46B6-8021-77119762D53D}.Release|Any CPU.Build.0 = Release|Any CPU
		{535C4A25-B1ED-4B44-BBBA-80D443EE25E3}.Debug|Any CPU.ActiveCfg = Debug|Any CPU
		{535C4A25-B1ED-4B44-BBBA-80D443EE25E3}.Debug|Any CPU.Build.0 = Debug|Any CPU
		{535C4A25-B1ED-4B44-BBBA-80D443EE25E3}.Release|Any CPU.ActiveCfg = Release|Any CPU
		{535C4A25-B1ED-4B44-BBBA-80D443EE25E3}.Release|Any CPU.Build.0 = Release|Any CPU
		{ADC147AD-0B9A-4C99-86AB-E92FEAD42CBB}.Debug|Any CPU.ActiveCfg = Debug|Any CPU
		{ADC147AD-0B9A-4C99-86AB-E92FEAD42CBB}.Debug|Any CPU.Build.0 = Debug|Any CPU
		{ADC147AD-0B9A-4C99-86AB-E92FEAD42CBB}.Release|Any CPU.ActiveCfg = Release|Any CPU
		{ADC147AD-0B9A-4C99-86AB-E92FEAD42CBB}.Release|Any CPU.Build.0 = Release|Any CPU
		{C6AA6036-000C-4E49-ADC5-DC3F4A545BFD}.Debug|Any CPU.ActiveCfg = Debug|Any CPU
		{C6AA6036-000C-4E49-ADC5-DC3F4A545BFD}.Debug|Any CPU.Build.0 = Debug|Any CPU
		{C6AA6036-000C-4E49-ADC5-DC3F4A545BFD}.Release|Any CPU.ActiveCfg = Release|Any CPU
		{C6AA6036-000C-4E49-ADC5-DC3F4A545BFD}.Release|Any CPU.Build.0 = Release|Any CPU
		{14CDEEBC-823D-43A5-B03C-322487D1BD9D}.Debug|Any CPU.ActiveCfg = Debug|Any CPU
		{14CDEEBC-823D-43A5-B03C-322487D1BD9D}.Debug|Any CPU.Build.0 = Debug|Any CPU
		{14CDEEBC-823D-43A5-B03C-322487D1BD9D}.Release|Any CPU.ActiveCfg = Release|Any CPU
		{14CDEEBC-823D-43A5-B03C-322487D1BD9D}.Release|Any CPU.Build.0 = Release|Any CPU
		{0070BF87-BF45-4409-B20E-028789D56A18}.Debug|Any CPU.ActiveCfg = Debug|Any CPU
		{0070BF87-BF45-4409-B20E-028789D56A18}.Debug|Any CPU.Build.0 = Debug|Any CPU
		{0070BF87-BF45-4409-B20E-028789D56A18}.Release|Any CPU.ActiveCfg = Release|Any CPU
		{0070BF87-BF45-4409-B20E-028789D56A18}.Release|Any CPU.Build.0 = Release|Any CPU
		{C87D08C0-E948-4F69-B771-72DEAA5633D3}.Debug|Any CPU.ActiveCfg = Debug|Any CPU
		{C87D08C0-E948-4F69-B771-72DEAA5633D3}.Debug|Any CPU.Build.0 = Debug|Any CPU
		{C87D08C0-E948-4F69-B771-72DEAA5633D3}.Release|Any CPU.ActiveCfg = Release|Any CPU
		{C87D08C0-E948-4F69-B771-72DEAA5633D3}.Release|Any CPU.Build.0 = Release|Any CPU
		{2C58C289-7F43-4FB4-BADF-8F1131659FD7}.Debug|Any CPU.ActiveCfg = Debug|Any CPU
		{2C58C289-7F43-4FB4-BADF-8F1131659FD7}.Debug|Any CPU.Build.0 = Debug|Any CPU
		{2C58C289-7F43-4FB4-BADF-8F1131659FD7}.Release|Any CPU.ActiveCfg = Release|Any CPU
		{2C58C289-7F43-4FB4-BADF-8F1131659FD7}.Release|Any CPU.Build.0 = Release|Any CPU
		{40260E77-E4D6-408C-B4B6-70D08C708056}.Debug|Any CPU.ActiveCfg = Debug|Any CPU
		{40260E77-E4D6-408C-B4B6-70D08C708056}.Debug|Any CPU.Build.0 = Debug|Any CPU
		{40260E77-E4D6-408C-B4B6-70D08C708056}.Release|Any CPU.ActiveCfg = Release|Any CPU
		{40260E77-E4D6-408C-B4B6-70D08C708056}.Release|Any CPU.Build.0 = Release|Any CPU
		{715B78F1-27C8-4066-B5F7-91DA7CAF3F42}.Debug|Any CPU.ActiveCfg = Debug|Any CPU
		{715B78F1-27C8-4066-B5F7-91DA7CAF3F42}.Debug|Any CPU.Build.0 = Debug|Any CPU
		{715B78F1-27C8-4066-B5F7-91DA7CAF3F42}.Release|Any CPU.ActiveCfg = Release|Any CPU
		{715B78F1-27C8-4066-B5F7-91DA7CAF3F42}.Release|Any CPU.Build.0 = Release|Any CPU
		{26560A47-E10A-4F59-9C3F-8F7684027958}.Debug|Any CPU.ActiveCfg = Debug|Any CPU
		{26560A47-E10A-4F59-9C3F-8F7684027958}.Debug|Any CPU.Build.0 = Debug|Any CPU
		{26560A47-E10A-4F59-9C3F-8F7684027958}.Release|Any CPU.ActiveCfg = Release|Any CPU
		{26560A47-E10A-4F59-9C3F-8F7684027958}.Release|Any CPU.Build.0 = Release|Any CPU
		{D5271AC4-0BA2-47CB-B356-4EFF14BEA6DB}.Debug|Any CPU.ActiveCfg = Debug|Any CPU
		{D5271AC4-0BA2-47CB-B356-4EFF14BEA6DB}.Debug|Any CPU.Build.0 = Debug|Any CPU
		{D5271AC4-0BA2-47CB-B356-4EFF14BEA6DB}.Release|Any CPU.ActiveCfg = Release|Any CPU
		{D5271AC4-0BA2-47CB-B356-4EFF14BEA6DB}.Release|Any CPU.Build.0 = Release|Any CPU
		{A7B9F5FC-47D8-4F3C-8C36-163A0241C47F}.Debug|Any CPU.ActiveCfg = Debug|Any CPU
		{A7B9F5FC-47D8-4F3C-8C36-163A0241C47F}.Debug|Any CPU.Build.0 = Debug|Any CPU
		{A7B9F5FC-47D8-4F3C-8C36-163A0241C47F}.Release|Any CPU.ActiveCfg = Release|Any CPU
		{A7B9F5FC-47D8-4F3C-8C36-163A0241C47F}.Release|Any CPU.Build.0 = Release|Any CPU
	EndGlobalSection
	GlobalSection(SolutionProperties) = preSolution
		HideSolutionNode = FALSE
	EndGlobalSection
	GlobalSection(NestedProjects) = preSolution
		{9A00E9B7-1961-46B6-8021-77119762D53D} = {F0C7DEC0-6590-4CF1-AE66-0C3C0073AFBC}
		{535C4A25-B1ED-4B44-BBBA-80D443EE25E3} = {6B99D240-4AAF-4CE1-B903-1ABD8882CD28}
		{ADC147AD-0B9A-4C99-86AB-E92FEAD42CBB} = {20D87E64-0973-4F0C-B6A4-AD0798D65313}
		{C6AA6036-000C-4E49-ADC5-DC3F4A545BFD} = {F0C7DEC0-6590-4CF1-AE66-0C3C0073AFBC}
		{14CDEEBC-823D-43A5-B03C-322487D1BD9D} = {20D87E64-0973-4F0C-B6A4-AD0798D65313}
		{0070BF87-BF45-4409-B20E-028789D56A18} = {20D87E64-0973-4F0C-B6A4-AD0798D65313}
		{C87D08C0-E948-4F69-B771-72DEAA5633D3} = {F0C7DEC0-6590-4CF1-AE66-0C3C0073AFBC}
		{2C58C289-7F43-4FB4-BADF-8F1131659FD7} = {20D87E64-0973-4F0C-B6A4-AD0798D65313}
		{40260E77-E4D6-408C-B4B6-70D08C708056} = {20D87E64-0973-4F0C-B6A4-AD0798D65313}
		{715B78F1-27C8-4066-B5F7-91DA7CAF3F42} = {20D87E64-0973-4F0C-B6A4-AD0798D65313}
		{26560A47-E10A-4F59-9C3F-8F7684027958} = {20D87E64-0973-4F0C-B6A4-AD0798D65313}
		{D5271AC4-0BA2-47CB-B356-4EFF14BEA6DB} = {F0C7DEC0-6590-4CF1-AE66-0C3C0073AFBC}
		{A7B9F5FC-47D8-4F3C-8C36-163A0241C47F} = {F0C7DEC0-6590-4CF1-AE66-0C3C0073AFBC}
	EndGlobalSection
	GlobalSection(ExtensibilityGlobals) = postSolution
		SolutionGuid = {7557A71E-9F9F-4EA7-93E7-ADA4A424ADDF}
	EndGlobalSection
EndGlobal
